
Microsoft Visual Studio Solution File, Format Version 12.00
# Visual Studio Version 16
VisualStudioVersion = 16.0.31624.102
MinimumVisualStudioVersion = 10.0.40219.1
Project("{FAE04EC0-301F-11D3-BF4B-00C04F79EFBC}") = "Exercise5", "Exercise5\Exercise5.csproj", "{7838DB19-6C6C-43B6-922F-DAAA8C77C181}"
EndProject
Global
	GlobalSection(SolutionConfigurationPlatforms) = preSolution
		Debug|Any CPU = Debug|Any CPU
		Release|Any CPU = Release|Any CPU
	EndGlobalSection
	GlobalSection(ProjectConfigurationPlatforms) = postSolution
		{7838DB19-6C6C-43B6-922F-DAAA8C77C181}.Debug|Any CPU.ActiveCfg = Debug|Any CPU
		{7838DB19-6C6C-43B6-922F-DAAA8C77C181}.Debug|Any CPU.Build.0 = Debug|Any CPU
		{7838DB19-6C6C-43B6-922F-DAAA8C77C181}.Release|Any CPU.ActiveCfg = Release|Any CPU
		{7838DB19-6C6C-43B6-922F-DAAA8C77C181}.Release|Any CPU.Build.0 = Release|Any CPU
	EndGlobalSection
	GlobalSection(SolutionProperties) = preSolution
		HideSolutionNode = FALSE
	EndGlobalSection
	GlobalSection(ExtensibilityGlobals) = postSolution
		SolutionGuid = {1C6A0389-3EB4-4FF6-8E24-A4CF803D8362}
	EndGlobalSection
EndGlobal
